# THIS IS AN AUTOGENERATED FILE. DO NOT EDIT THIS FILE DIRECTLY.
# yarn lockfile v1


"@sindresorhus/is@^4.6.0":
  "integrity" "sha512-t09vSN3MdfsyCHoFcTRCH/iUtG7OJ0CsjzB8cjAmKc/va/kIgeDI/TxsigdncE/4be734m0cvIYwNaV4i2XqAw=="
  "resolved" "https://registry.npmjs.org/@sindresorhus/is/-/is-4.6.0.tgz"
  "version" "4.6.0"

"@szmarczak/http-timer@^5.0.1":
  "integrity" "sha512-+PmQX0PiAYPMeVYe237LJAYvOMYW1j2rH5YROyS3b4CTVJum34HfRvKvAzozHAQG0TnHNdUfY9nCeUyRAs//cw=="
  "resolved" "https://registry.npmjs.org/@szmarczak/http-timer/-/http-timer-5.0.1.tgz"
  "version" "5.0.1"
  dependencies:
    "defer-to-connect" "^2.0.1"

"@types/cacheable-request@^6.0.2":
  "integrity" "sha512-B3xVo+dlKM6nnKTcmm5ZtY/OL8bOAOd2Olee9M1zft65ox50OzjEHW91sDiU9j6cvW8Ejg1/Qkf4xd2kugApUA=="
  "resolved" "https://registry.npmjs.org/@types/cacheable-request/-/cacheable-request-6.0.2.tgz"
  "version" "6.0.2"
  dependencies:
    "@types/http-cache-semantics" "*"
    "@types/keyv" "*"
    "@types/node" "*"
    "@types/responselike" "*"

"@types/http-cache-semantics@*":
  "integrity" "sha512-SZs7ekbP8CN0txVG2xVRH6EgKmEm31BOxA07vkFaETzZz1xh+cbt8BcI0slpymvwhx5dlFnQG2rTlPVQn+iRPQ=="
  "resolved" "https://registry.npmjs.org/@types/http-cache-semantics/-/http-cache-semantics-4.0.1.tgz"
  "version" "4.0.1"

"@types/keyv@*":
  "integrity" "sha512-BQ5aZNSCpj7D6K2ksrRCTmKRLEpnPvWDiLPfoGyhZ++8YtiK9d/3DBKPJgry359X/P1PfruyYwvnvwFjuEiEIg=="
  "resolved" "https://registry.npmjs.org/@types/keyv/-/keyv-3.1.4.tgz"
  "version" "3.1.4"
  dependencies:
    "@types/node" "*"

"@types/node@*":
  "integrity" "sha512-DBZCJbhII3r90XbQxI8Y9IjjiiOGlZ0Hr32omXIZvwwZ7p4DMMXGrKXVyPfuoBOri9XNtL0UK69jYIBIsRX3QQ=="
  "resolved" "https://registry.npmjs.org/@types/node/-/node-17.0.21.tgz"
  "version" "17.0.21"

"@types/responselike@*", "@types/responselike@^1.0.0":
  "integrity" "sha512-85Y2BjiufFzaMIlvJDvTTB8Fxl2xfLo4HgmHzVBz08w4wDePCTjYw66PdrolO0kzli3yam/YCgRufyo1DdQVTA=="
  "resolved" "https://registry.npmjs.org/@types/responselike/-/responselike-1.0.0.tgz"
  "version" "1.0.0"
  dependencies:
    "@types/node" "*"

"amdefine@~1.0.0":
  "integrity" "sha1-SlKCrBZHKek2Gbz9OtFR+BfOkfU="
  "resolved" "https://registry.npmjs.org/amdefine/-/amdefine-1.0.1.tgz"
  "version" "1.0.1"

"any-promise@^1.1.0":
  "integrity" "sha1-q8av7tzqUugJzcA3au0845Y10X8="
  "resolved" "https://registry.npmjs.org/any-promise/-/any-promise-1.3.0.tgz"
  "version" "1.3.0"

"async-limiter@^1.0.1", "async-limiter@~1.0.0":
  "integrity" "sha512-csOlWGAcRFJaI6m+F2WKdnMKr4HhdhFVBk0H/QbJFMCr+uO2kwohwXQPxw/9OCxp05r5ghVBFSyioixx3gfkNQ=="
  "resolved" "https://registry.npmjs.org/async-limiter/-/async-limiter-1.0.1.tgz"
  "version" "1.0.1"

"asynckit@^0.4.0":
  "integrity" "sha1-x57Zf380y48robyXkLzDZkdLS3k="
  "resolved" "https://registry.npmjs.org/asynckit/-/asynckit-0.4.0.tgz"
  "version" "0.4.0"

"barse@~0.4.2":
  "integrity" "sha1-KJhk15XQECu7sYHmbs0IxUobwMs="
  "resolved" "https://registry.npmjs.org/barse/-/barse-0.4.3.tgz"
  "version" "0.4.3"
  dependencies:
    "readable-stream" "~1.0.2"

"boolbase@^1.0.0":
  "integrity" "sha1-aN/1++YMUes3cl6p4+0xDcwed24="
  "resolved" "https://registry.npmjs.org/boolbase/-/boolbase-1.0.0.tgz"
  "version" "1.0.0"

"cacheable-lookup@^6.0.4":
  "integrity" "sha512-mbcDEZCkv2CZF4G01kr8eBd/5agkt9oCqz75tJMSIsquvRZ2sL6Hi5zGVKi/0OSC9oO1GHfJ2AV0ZIOY9vye0A=="
  "resolved" "https://registry.npmjs.org/cacheable-lookup/-/cacheable-lookup-6.0.4.tgz"
  "version" "6.0.4"

"cacheable-request@^7.0.2":
  "integrity" "sha512-pouW8/FmiPQbuGpkXQ9BAPv/Mo5xDGANgSNXzTzJ8DrKGuXOssM4wIQRjfanNRh3Yu5cfYPvcorqbhg2KIJtew=="
  "resolved" "https://registry.npmjs.org/cacheable-request/-/cacheable-request-7.0.2.tgz"
  "version" "7.0.2"
  dependencies:
    "clone-response" "^1.0.2"
    "get-stream" "^5.1.0"
    "http-cache-semantics" "^4.0.0"
    "keyv" "^4.0.0"
    "lowercase-keys" "^2.0.0"
    "normalize-url" "^6.0.1"
    "responselike" "^2.0.0"

"cheerio-select@^1.5.0":
  "integrity" "sha512-qocaHPv5ypefh6YNxvnbABM07KMxExbtbfuJoIie3iZXX1ERwYmJcIiRrr9H05ucQP1k28dav8rpdDgjQd8drg=="
  "resolved" "https://registry.npmjs.org/cheerio-select/-/cheerio-select-1.5.0.tgz"
  "version" "1.5.0"
  dependencies:
    "css-select" "^4.1.3"
    "css-what" "^5.0.1"
    "domelementtype" "^2.2.0"
    "domhandler" "^4.2.0"
    "domutils" "^2.7.0"

"cheerio@^1.0.0-rc.10":
  "integrity" "sha512-g0J0q/O6mW8z5zxQ3A8E8J1hUgp4SMOvEoW/x84OwyHKe/Zccz83PVT4y5Crcr530FV6NgmKI1qvGTKVl9XXVw=="
  "resolved" "https://registry.npmjs.org/cheerio/-/cheerio-1.0.0-rc.10.tgz"
  "version" "1.0.0-rc.10"
  dependencies:
    "cheerio-select" "^1.5.0"
    "dom-serializer" "^1.3.2"
    "domhandler" "^4.2.0"
    "htmlparser2" "^6.1.0"
    "parse5" "^6.0.1"
    "parse5-htmlparser2-tree-adapter" "^6.0.1"
    "tslib" "^2.2.0"

"clone-response@^1.0.2":
  "integrity" "sha1-0dyXOSAxTfZ/vrlCI7TuNQI56Ws="
  "resolved" "https://registry.npmjs.org/clone-response/-/clone-response-1.0.2.tgz"
  "version" "1.0.2"
  dependencies:
    "mimic-response" "^1.0.0"

"combined-stream@^1.0.6", "combined-stream@^1.0.8":
  "integrity" "sha512-FQN4MRfuJeHf7cBbBMJFXhKSDq+2kAArBlmRBvcvFE5BB1HZKXtSFASDhdlz9zOYwxh8lDdnvmMOe/+5cdoEdg=="
  "resolved" "https://registry.npmjs.org/combined-stream/-/combined-stream-1.0.8.tgz"
  "version" "1.0.8"
  dependencies:
    "delayed-stream" "~1.0.0"

"commander@~2.8.1":
  "integrity" "sha1-Br42f+v9oMMwqh4qBy09yXYkJdQ="
  "resolved" "https://registry.npmjs.org/commander/-/commander-2.8.1.tgz"
  "version" "2.8.1"
  dependencies:
    "graceful-readlink" ">= 1.0.0"

"compressjs@^1.0.2":
  "integrity" "sha1-ldt03VuQOM+AvKMhqw7eJxtJWbY="
  "resolved" "https://registry.npmjs.org/compressjs/-/compressjs-1.0.3.tgz"
  "version" "1.0.3"
  dependencies:
    "amdefine" "~1.0.0"
    "commander" "~2.8.1"

"core-util-is@~1.0.0":
  "integrity" "sha512-ZQBvi1DcpJ4GDqanjucZ2Hj3wEO5pZDS89BWbkcrvdxksJorwUDDZamX9ldFkp9aw2lmBDLgkObEA4DWNJ9FYQ=="
  "resolved" "https://registry.npmjs.org/core-util-is/-/core-util-is-1.0.3.tgz"
  "version" "1.0.3"

"css-select@^4.1.3":
  "integrity" "sha512-/aUslKhzkTNCQUB2qTX84lVmfia9NyjP3WpDGtj/WxhwBzWBYUV3DgUpurHTme8UTPcPlAD1DJ+b0nN/t50zDQ=="
  "resolved" "https://registry.npmjs.org/css-select/-/css-select-4.2.1.tgz"
  "version" "4.2.1"
  dependencies:
    "boolbase" "^1.0.0"
    "css-what" "^5.1.0"
    "domhandler" "^4.3.0"
    "domutils" "^2.8.0"
    "nth-check" "^2.0.1"

"css-what@^5.0.1", "css-what@^5.1.0":
  "integrity" "sha512-arSMRWIIFY0hV8pIxZMEfmMI47Wj3R/aWpZDDxWYCPEiOMv6tfOrnpDtgxBYPEQD4V0Y/958+1TdC3iWTFcUPw=="
  "resolved" "https://registry.npmjs.org/css-what/-/css-what-5.1.0.tgz"
  "version" "5.1.0"

"decompress-response@^6.0.0":
  "integrity" "sha512-aW35yZM6Bb/4oJlZncMH2LCoZtJXTRxES17vE3hoRiowU2kWHaJKFkSBDnDR+cm9J+9QhXmREyIfv0pji9ejCQ=="
  "resolved" "https://registry.npmjs.org/decompress-response/-/decompress-response-6.0.0.tgz"
  "version" "6.0.0"
  dependencies:
    "mimic-response" "^3.1.0"

"defer-to-connect@^2.0.1":
  "integrity" "sha512-4tvttepXG1VaYGrRibk5EwJd1t4udunSOVMdLSAL6mId1ix438oPwPZMALY41FCijukO1L0twNcGsdzS7dHgDg=="
  "resolved" "https://registry.npmjs.org/defer-to-connect/-/defer-to-connect-2.0.1.tgz"
  "version" "2.0.1"

"delayed-stream@^1.0.0", "delayed-stream@~1.0.0":
  "integrity" "sha1-3zrhmayt+31ECqrgsp4icrJOxhk="
  "resolved" "https://registry.npmjs.org/delayed-stream/-/delayed-stream-1.0.0.tgz"
  "version" "1.0.0"

"discord-api-types@^0.29.0":
  "integrity" "sha512-Ekq1ICNpOTVajXKZguNFrsDeTmam+ZeA38txsNLZnANdXUjU6QBPIZLUQTC6MzigFGb0Tt8vk4xLnXmzv0shNg=="
  "resolved" "https://registry.npmjs.org/discord-api-types/-/discord-api-types-0.29.0.tgz"
  "version" "0.29.0"

"discord-fivem-api@^1.0.6":
  "integrity" "sha512-C6heIaD4t0YNPm9OHRhHYGV6+JOZNE3PAjUQc9WDknKNeyz1rRo3du9eopfqytyBg2kcHiRdzvPSM5waLhgeWQ=="
  "resolved" "https://registry.npmjs.org/discord-fivem-api/-/discord-fivem-api-1.0.6.tgz"
  "version" "1.0.6"
  dependencies:
    "node-fetch" "^2.6.1"

"discord.js@^12.0.0-dev":
  "integrity" "sha512-pSLLD9M0pxDIgKLHtNmqaLVQV06NoGrhG9F+961zxHZeCuNBONPZG337BjYlwbCOP2waYvYPvP36y2IYnP+S1Q=="
  "resolved" "git+ssh://git@github.com/vecchiotom/discord.js.git#d9e8619353e60e02619c48745356b0511050d22d"
  "version" "12.0.0-dev"
  dependencies:
    "form-data" "^2.3.2"
    "node-fetch" "^2.1.2"
    "pako" "^1.0.0"
    "prism-media" "amishshah/prism-media"
    "setimmediate" "^1.0.5"
    "tweetnacl" "^1.0.0"
    "ws" "^6.0.0"

"dom-serializer@^1.0.1", "dom-serializer@^1.3.2":
  "integrity" "sha512-5c54Bk5Dw4qAxNOI1pFEizPSjVsx5+bpJKmL2kPn8JhBUq2q09tTCa3mjijun2NfK78NMouDYNMBkOrPZiS+ig=="
  "resolved" "https://registry.npmjs.org/dom-serializer/-/dom-serializer-1.3.2.tgz"
  "version" "1.3.2"
  dependencies:
    "domelementtype" "^2.0.1"
    "domhandler" "^4.2.0"
    "entities" "^2.0.0"

"domelementtype@^2.0.1", "domelementtype@^2.2.0":
  "integrity" "sha512-DtBMo82pv1dFtUmHyr48beiuq792Sxohr+8Hm9zoxklYPfa6n0Z3Byjj2IV7bmr2IyqClnqEQhfgHJJ5QF0R5A=="
  "resolved" "https://registry.npmjs.org/domelementtype/-/domelementtype-2.2.0.tgz"
  "version" "2.2.0"

"domhandler@^4.0.0", "domhandler@^4.2.0", "domhandler@^4.3.0":
  "integrity" "sha512-GrwoxYN+uWlzO8uhUXRl0P+kHE4GtVPfYzVLcUxPL7KNdHKj66vvlhiweIHqYYXWlw+T8iLMp42Lm67ghw4WMQ=="
  "resolved" "https://registry.npmjs.org/domhandler/-/domhandler-4.3.1.tgz"
  "version" "4.3.1"
  dependencies:
    "domelementtype" "^2.2.0"

"domutils@^2.5.2", "domutils@^2.7.0", "domutils@^2.8.0":
  "integrity" "sha512-w96Cjofp72M5IIhpjgobBimYEfoPjx1Vx0BSX9P30WBdZW2WIKU0T1Bd0kz2eNZ9ikjKgHbEyKx8BB6H1L3h3A=="
  "resolved" "https://registry.npmjs.org/domutils/-/domutils-2.8.0.tgz"
  "version" "2.8.0"
  dependencies:
    "dom-serializer" "^1.0.1"
    "domelementtype" "^2.2.0"
    "domhandler" "^4.2.0"

"end-of-stream@^1.1.0":
  "integrity" "sha512-+uw1inIHVPQoaVuHzRyXd21icM+cnt4CzD5rW+NC1wjOUSTOs+Te7FOv7AhN7vS9x/oIyhLP5PR1H+phQAHu5Q=="
  "resolved" "https://registry.npmjs.org/end-of-stream/-/end-of-stream-1.4.4.tgz"
  "version" "1.4.4"
  dependencies:
    "once" "^1.4.0"

"entities@^2.0.0":
  "integrity" "sha512-p92if5Nz619I0w+akJrLZH0MX0Pb5DX39XOwQTtXSdQQOaYH03S1uIQp4mhOZtAXrxq4ViO67YTiLBo2638o9A=="
  "resolved" "https://registry.npmjs.org/entities/-/entities-2.2.0.tgz"
  "version" "2.2.0"

"event-to-promise@^0.7.0":
  "integrity" "sha1-ywffzUGNoiIdkPd+q3E7wjXiCQ8="
  "resolved" "https://registry.npmjs.org/event-to-promise/-/event-to-promise-0.7.0.tgz"
  "version" "0.7.0"

"form-data-encoder@1.7.1":
  "integrity" "sha512-EFRDrsMm/kyqbTQocNvRXMLjc7Es2Vk+IQFx/YW7hkUH1eBl4J1fqiP34l74Yt0pFLCNpc06fkbVk00008mzjg=="
  "resolved" "https://registry.npmjs.org/form-data-encoder/-/form-data-encoder-1.7.1.tgz"
  "version" "1.7.1"

"form-data@^2.3.2", "form-data@^2.5.1":
  "integrity" "sha512-m21N3WOmEEURgk6B9GLOE4RuWOFf28Lhh9qGYeNlGq4VDXUlJy2th2slBNU8Gp8EzloYZOibZJ7t5ecIrFSjVA=="
  "resolved" "https://registry.npmjs.org/form-data/-/form-data-2.5.1.tgz"
  "version" "2.5.1"
  dependencies:
    "asynckit" "^0.4.0"
    "combined-stream" "^1.0.6"
    "mime-types" "^2.1.12"

"gamedig@^4.0.2":
  "integrity" "sha512-sTqdQce36vdFeZ05aPRfVux62nueq4jxRmbbAXPPxUx/srTDWwhDwxLPYLDTu9mT0ItLdJ9rceCE0moDOt51Mg=="
  "resolved" "https://registry.npmjs.org/gamedig/-/gamedig-4.0.2.tgz"
  "version" "4.0.2"
  dependencies:
    "cheerio" "^1.0.0-rc.10"
    "compressjs" "^1.0.2"
    "gbxremote" "^0.2.1"
    "got" "^12.0.1"
    "iconv-lite" "^0.6.3"
    "long" "^5.2.0"
    "minimist" "^1.2.5"
    "moment" "^2.29.1"
    "punycode" "^2.1.1"
    "varint" "^6.0.0"

"gbxremote@^0.2.1":
  "integrity" "sha1-hN9PvXgXgNxdaS0krASi1/Bd23w="
  "resolved" "https://registry.npmjs.org/gbxremote/-/gbxremote-0.2.1.tgz"
  "version" "0.2.1"
  dependencies:
    "any-promise" "^1.1.0"
    "barse" "~0.4.2"
    "event-to-promise" "^0.7.0"
    "string-to-stream" "^1.0.1"
    "xmlrpc" "^1.3.1"

"get-stream@^5.1.0":
  "integrity" "sha512-nBF+F1rAZVCu/p7rjzgA+Yb4lfYXrpl7a6VmJrU8wF9I1CKvP/QwPNZHnOlwbTkY6dvtFIzFMSyQXbLoTQPRpA=="
  "resolved" "https://registry.npmjs.org/get-stream/-/get-stream-5.2.0.tgz"
  "version" "5.2.0"
  dependencies:
    "pump" "^3.0.0"

"get-stream@^6.0.1":
  "integrity" "sha512-ts6Wi+2j3jQjqi70w5AlN8DFnkSwC+MqmxEzdEALB2qXZYV3X/b1CTfgPLGJNMeAWxdPfU8FO1ms3NUfaHCPYg=="
  "resolved" "https://registry.npmjs.org/get-stream/-/get-stream-6.0.1.tgz"
  "version" "6.0.1"

"got@^12.0.1":
  "integrity" "sha512-Zi4yHiqCgaorUbknr/RHFBsC3XqjSodaw0F3qxlqAqyj+OGYZl37/uy01R0qz++KANKQYdY5FHJ0okXZpEzwWQ=="
  "resolved" "https://registry.npmjs.org/got/-/got-12.0.2.tgz"
  "version" "12.0.2"
  dependencies:
    "@sindresorhus/is" "^4.6.0"
    "@szmarczak/http-timer" "^5.0.1"
    "@types/cacheable-request" "^6.0.2"
    "@types/responselike" "^1.0.0"
    "cacheable-lookup" "^6.0.4"
    "cacheable-request" "^7.0.2"
    "decompress-response" "^6.0.0"
    "form-data-encoder" "1.7.1"
    "get-stream" "^6.0.1"
    "http2-wrapper" "^2.1.10"
    "lowercase-keys" "^3.0.0"
    "p-cancelable" "^3.0.0"
    "responselike" "^2.0.0"

"graceful-readlink@>= 1.0.0":
  "integrity" "sha1-TK+tdrxi8C+gObL5Tpo906ORpyU="
  "resolved" "https://registry.npmjs.org/graceful-readlink/-/graceful-readlink-1.0.1.tgz"
  "version" "1.0.1"

"htmlparser2@^6.1.0":
  "integrity" "sha512-gyyPk6rgonLFEDGoeRgQNaEUvdJ4ktTmmUh/h2t7s+M8oPpIPxgNACWa+6ESR57kXstwqPiCut0V8NRpcwgU7A=="
  "resolved" "https://registry.npmjs.org/htmlparser2/-/htmlparser2-6.1.0.tgz"
  "version" "6.1.0"
  dependencies:
    "domelementtype" "^2.0.1"
    "domhandler" "^4.0.0"
    "domutils" "^2.5.2"
    "entities" "^2.0.0"

"http-cache-semantics@^4.0.0":
  "integrity" "sha512-carPklcUh7ROWRK7Cv27RPtdhYhUsela/ue5/jKzjegVvXDqM2ILE9Q2BGn9JZJh1g87cp56su/FgQSzcWS8cQ=="
  "resolved" "https://registry.npmjs.org/http-cache-semantics/-/http-cache-semantics-4.1.0.tgz"
  "version" "4.1.0"

"http2-wrapper@^2.1.10":
  "integrity" "sha512-QHgsdYkieKp+6JbXP25P+tepqiHYd+FVnDwXpxi/BlUcoIB0nsmTOymTNvETuTO+pDuwcSklPE72VR3DqV+Haw=="
  "resolved" "https://registry.npmjs.org/http2-wrapper/-/http2-wrapper-2.1.10.tgz"
  "version" "2.1.10"
  dependencies:
    "quick-lru" "^5.1.1"
    "resolve-alpn" "^1.2.0"

"iconv-lite@^0.6.3":
  "integrity" "sha512-4fCk79wshMdzMp2rH06qWrJE4iolqLhCUH+OiuIgU++RB0+94NlDL81atO7GX55uUKueo0txHNtvEyI6D7WdMw=="
  "resolved" "https://registry.npmjs.org/iconv-lite/-/iconv-lite-0.6.3.tgz"
  "version" "0.6.3"
  dependencies:
    "safer-buffer" ">= 2.1.2 < 3.0.0"

"inherits@^2.0.1", "inherits@~2.0.1", "inherits@~2.0.3":
  "integrity" "sha512-k/vGaX4/Yla3WzyMCvTQOXYeIHvqOKtnqBduzTHpzpQZzAskKMhZ2K+EnBiSM9zGSoIFeMpXKxa4dYeZIQqewQ=="
  "resolved" "https://registry.npmjs.org/inherits/-/inherits-2.0.4.tgz"
  "version" "2.0.4"

"isarray@~1.0.0":
  "integrity" "sha1-u5NdSFgsuhaMBoNJV6VKPgcSTxE="
  "resolved" "https://registry.npmjs.org/isarray/-/isarray-1.0.0.tgz"
  "version" "1.0.0"

"isarray@0.0.1":
  "integrity" "sha1-ihis/Kmo9Bd+Cav8YDiTmwXR7t8="
  "resolved" "https://registry.npmjs.org/isarray/-/isarray-0.0.1.tgz"
  "version" "0.0.1"

"json-buffer@3.0.1":
  "integrity" "sha512-4bV5BfR2mqfQTJm+V5tPPdf+ZpuhiIvTuAB5g8kcrXOZpTT/QwwVRWBywX1ozr6lEuPdbHxwaJlm9G6mI2sfSQ=="
  "resolved" "https://registry.npmjs.org/json-buffer/-/json-buffer-3.0.1.tgz"
  "version" "3.0.1"

"keyv@^4.0.0":
  "integrity" "sha512-tGv1yP6snQVDSM4X6yxrv2zzq/EvpW+oYiUz6aueW1u9CtS8RzUQYxxmFwgZlO2jSgCxQbchhxaqXXp2hnKGpQ=="
  "resolved" "https://registry.npmjs.org/keyv/-/keyv-4.1.1.tgz"
  "version" "4.1.1"
  dependencies:
    "json-buffer" "3.0.1"

"long@^5.2.0":
  "integrity" "sha512-9RTUNjK60eJbx3uz+TEGF7fUr29ZDxR5QzXcyDpeSfeH28S9ycINflOgOlppit5U+4kNTe83KQnMEerw7GmE8w=="
  "resolved" "https://registry.npmjs.org/long/-/long-5.2.0.tgz"
  "version" "5.2.0"

"lowercase-keys@^2.0.0":
  "integrity" "sha512-tqNXrS78oMOE73NMxK4EMLQsQowWf8jKooH9g7xPavRT706R6bkQJ6DY2Te7QukaZsulxa30wQ7bk0pm4XiHmA=="
  "resolved" "https://registry.npmjs.org/lowercase-keys/-/lowercase-keys-2.0.0.tgz"
  "version" "2.0.0"

"lowercase-keys@^3.0.0":
  "integrity" "sha512-ozCC6gdQ+glXOQsveKD0YsDy8DSQFjDTz4zyzEHNV5+JP5D62LmfDZ6o1cycFx9ouG940M5dE8C8CTewdj2YWQ=="
  "resolved" "https://registry.npmjs.org/lowercase-keys/-/lowercase-keys-3.0.0.tgz"
  "version" "3.0.0"

"mime-db@^1.51.0", "mime-db@1.51.0":
  "integrity" "sha512-5y8A56jg7XVQx2mbv1lu49NR4dokRnhZYTtL+KGfaa27uq4pSTXkwQkFJl4pkRMyNFz/EtYDSkiiEHx3F7UN6g=="
  "resolved" "https://registry.npmjs.org/mime-db/-/mime-db-1.51.0.tgz"
  "version" "1.51.0"

"mime-types@^2.1.12", "mime-types@^2.1.34":
  "integrity" "sha512-6cP692WwGIs9XXdOO4++N+7qjqv0rqxxVvJ3VHPh/Sc9mVZcQP+ZGhkKiTvWMQRr2tbHkJP/Yn7Y0npb3ZBs4A=="
  "resolved" "https://registry.npmjs.org/mime-types/-/mime-types-2.1.34.tgz"
  "version" "2.1.34"
  dependencies:
    "mime-db" "1.51.0"

"mimic-response@^1.0.0":
  "integrity" "sha512-j5EctnkH7amfV/q5Hgmoal1g2QHFJRraOtmx0JpIqkxhBhI/lJSl1nMpQ45hVarwNETOoWEimndZ4QK0RHxuxQ=="
  "resolved" "https://registry.npmjs.org/mimic-response/-/mimic-response-1.0.1.tgz"
  "version" "1.0.1"

"mimic-response@^3.1.0":
  "integrity" "sha512-z0yWI+4FDrrweS8Zmt4Ej5HdJmky15+L2e6Wgn3+iK5fWzb6T3fhNFq2+MeTRb064c6Wr4N/wv0DzQTjNzHNGQ=="
  "resolved" "https://registry.npmjs.org/mimic-response/-/mimic-response-3.1.0.tgz"
  "version" "3.1.0"

"minimist@^1.2.5":
  "integrity" "sha512-FM9nNUYrRBAELZQT3xeZQ7fmMOBg6nWNmJKTcgsJeaLstP/UODVpGsr5OhXhhXg6f+qtJ8uiZ+PUxkDWcgIXLw=="
  "resolved" "https://registry.npmjs.org/minimist/-/minimist-1.2.5.tgz"
  "version" "1.2.5"

"moment@^2.29.1":
  "integrity" "sha512-kHmoybcPV8Sqy59DwNDY3Jefr64lK/by/da0ViFcuA4DH0vQg5Q6Ze5VimxkfQNSC+Mls/Kx53s7TjP1RhFEDQ=="
  "resolved" "https://registry.npmjs.org/moment/-/moment-2.29.1.tgz"
  "version" "2.29.1"

"node-fetch@^2.1.2", "node-fetch@^2.6.1", "node-fetch@^2.6.6":
  "integrity" "sha512-Z8/6vRlTUChSdIgMa51jxQ4lrw/Jy5SOW10ObaA47/RElsAN2c5Pn8bTgFGWn/ibwzXTE8qwr1Yzx28vsecXEA=="
  "resolved" "https://registry.npmjs.org/node-fetch/-/node-fetch-2.6.6.tgz"
  "version" "2.6.6"
  dependencies:
    "whatwg-url" "^5.0.0"

"normalize-url@^6.0.1":
  "integrity" "sha512-DlL+XwOy3NxAQ8xuC0okPgK46iuVNAK01YN7RueYBqqFeGsBjV9XmCAzAdgt+667bCl5kPh9EqKKDwnaPG1I7A=="
  "resolved" "https://registry.npmjs.org/normalize-url/-/normalize-url-6.1.0.tgz"
  "version" "6.1.0"

"nth-check@^2.0.1":
  "integrity" "sha512-it1vE95zF6dTT9lBsYbxvqh0Soy4SPowchj0UBGj/V6cTPnXXtQOPUbhZ6CmGzAD/rW22LQK6E96pcdJXk4A4w=="
  "resolved" "https://registry.npmjs.org/nth-check/-/nth-check-2.0.1.tgz"
  "version" "2.0.1"
  dependencies:
    "boolbase" "^1.0.0"

"once@^1.3.1", "once@^1.4.0":
  "integrity" "sha1-WDsap3WWHUsROsF9nFC6753Xa9E="
  "resolved" "https://registry.npmjs.org/once/-/once-1.4.0.tgz"
  "version" "1.4.0"
  dependencies:
    "wrappy" "1"

"p-cancelable@^3.0.0":
  "integrity" "sha512-mlVgR3PGuzlo0MmTdk4cXqXWlwQDLnONTAg6sm62XkMJEiRxN3GL3SffkYvqwonbkJBcrI7Uvv5Zh9yjvn2iUw=="
  "resolved" "https://registry.npmjs.org/p-cancelable/-/p-cancelable-3.0.0.tgz"
  "version" "3.0.0"

"pako@^1.0.0", "pako@^1.0.11":
  "integrity" "sha512-4hLB8Py4zZce5s4yd9XzopqwVv/yGNhV1Bl8NTmCq1763HeK2+EwVTv+leGeL13Dnh2wfbqowVPXCIO0z4taYw=="
  "resolved" "https://registry.npmjs.org/pako/-/pako-1.0.11.tgz"
  "version" "1.0.11"

"parse5-htmlparser2-tree-adapter@^6.0.1":
  "integrity" "sha512-qPuWvbLgvDGilKc5BoicRovlT4MtYT6JfJyBOMDsKoiT+GiuP5qyrPCnR9HcPECIJJmZh5jRndyNThnhhb/vlA=="
  "resolved" "https://registry.npmjs.org/parse5-htmlparser2-tree-adapter/-/parse5-htmlparser2-tree-adapter-6.0.1.tgz"
  "version" "6.0.1"
  dependencies:
    "parse5" "^6.0.1"

"parse5@^6.0.1":
  "integrity" "sha512-Ofn/CTFzRGTTxwpNEs9PP93gXShHcTq255nzRYSKe8AkVpZY7e1fpmTfOyoIvjP5HG7Z2ZM7VS9PPhQGW2pOpw=="
  "resolved" "https://registry.npmjs.org/parse5/-/parse5-6.0.1.tgz"
  "version" "6.0.1"

"prism-media@^1.3.3", "prism-media@amishshah/prism-media":
  "integrity" "sha512-Dhk9JKFGsL7CQBoMQpDNFJuE1IRILaA+Fex/UOB57+0MJVSLOg5zLed0hFm1SnHwtQBqMYB17iVQPIoSoFCuvg=="
  "resolved" "git+ssh://git@github.com/amishshah/prism-media.git#7071332df596cb04ecf06d9c8e8521b89fec0aab"
  "version" "1.3.3"

"process-nextick-args@~2.0.0":
  "integrity" "sha512-3ouUOpQhtgrbOa17J7+uxOTpITYWaGP7/AhoR3+A+/1e9skrzelGi/dXzEYyvbxubEF6Wn2ypscTKiKJFFn1ag=="
  "resolved" "https://registry.npmjs.org/process-nextick-args/-/process-nextick-args-2.0.1.tgz"
  "version" "2.0.1"

"pump@^3.0.0":
  "integrity" "sha512-LwZy+p3SFs1Pytd/jYct4wpv49HiYCqd9Rlc5ZVdk0V+8Yzv6jR5Blk3TRmPL1ft69TxP0IMZGJ+WPFU2BFhww=="
  "resolved" "https://registry.npmjs.org/pump/-/pump-3.0.0.tgz"
  "version" "3.0.0"
  dependencies:
    "end-of-stream" "^1.1.0"
    "once" "^1.3.1"

"punycode@^2.1.1":
  "integrity" "sha512-XRsRjdf+j5ml+y/6GKHPZbrF/8p2Yga0JPtdqTIY2Xe5ohJPD9saDJJLPvp9+NSBprVvevdXZybnj2cv8OEd0A=="
  "resolved" "https://registry.npmjs.org/punycode/-/punycode-2.1.1.tgz"
  "version" "2.1.1"

"quick-lru@^5.1.1":
  "integrity" "sha512-WuyALRjWPDGtt/wzJiadO5AXY+8hZ80hVpe6MyivgraREW751X3SbhRvG3eLKOYN+8VEvqLcf3wdnt44Z4S4SA=="
  "resolved" "https://registry.npmjs.org/quick-lru/-/quick-lru-5.1.1.tgz"
  "version" "5.1.1"

"readable-stream@^2.1.0":
  "integrity" "sha512-Ebho8K4jIbHAxnuxi7o42OrZgF/ZTNcsZj6nRKyUmkhLFq8CHItp/fy6hQZuZmP/n3yZ9VBUbp4zz/mX8hmYPw=="
  "resolved" "https://registry.npmjs.org/readable-stream/-/readable-stream-2.3.7.tgz"
  "version" "2.3.7"
  dependencies:
    "core-util-is" "~1.0.0"
    "inherits" "~2.0.3"
    "isarray" "~1.0.0"
    "process-nextick-args" "~2.0.0"
    "safe-buffer" "~5.1.1"
    "string_decoder" "~1.1.1"
    "util-deprecate" "~1.0.1"

"readable-stream@~1.0.2":
  "integrity" "sha1-Elgg40vIQtLyqq+v5MKRbuMsFXw="
  "resolved" "https://registry.npmjs.org/readable-stream/-/readable-stream-1.0.34.tgz"
  "version" "1.0.34"
  dependencies:
    "core-util-is" "~1.0.0"
    "inherits" "~2.0.1"
    "isarray" "0.0.1"
    "string_decoder" "~0.10.x"

"resolve-alpn@^1.2.0":
  "integrity" "sha512-0a1F4l73/ZFZOakJnQ3FvkJ2+gSTQWz/r2KE5OdDY0TxPm5h4GkqkWWfM47T7HsbnOtcJVEF4epCVy6u7Q3K+g=="
  "resolved" "https://registry.npmjs.org/resolve-alpn/-/resolve-alpn-1.2.1.tgz"
  "version" "1.2.1"

"responselike@^2.0.0":
  "integrity" "sha512-xH48u3FTB9VsZw7R+vvgaKeLKzT6jOogbQhEe/jewwnZgzPcnyWui2Av6JpoYZF/91uueC+lqhWqeURw5/qhCw=="
  "resolved" "https://registry.npmjs.org/responselike/-/responselike-2.0.0.tgz"
  "version" "2.0.0"
  dependencies:
    "lowercase-keys" "^2.0.0"

"safe-buffer@~5.1.0", "safe-buffer@~5.1.1":
  "integrity" "sha512-Gd2UZBJDkXlY7GbJxfsE8/nvKkUEU1G38c1siN6QP6a9PT9MmHB8GnpscSmMJSoF8LOIrt8ud/wPtojys4G6+g=="
  "resolved" "https://registry.npmjs.org/safe-buffer/-/safe-buffer-5.1.2.tgz"
  "version" "5.1.2"

"safer-buffer@>= 2.1.2 < 3.0.0":
  "integrity" "sha512-YZo3K82SD7Riyi0E1EQPojLz7kpepnSQI9IyPbHHg1XXXevb5dJI7tpyN2ADxGcQbHG7vcyRHk0cbwqcQriUtg=="
  "resolved" "https://registry.npmjs.org/safer-buffer/-/safer-buffer-2.1.2.tgz"
  "version" "2.1.2"

"sax@1.2.x":
  "integrity" "sha512-NqVDv9TpANUjFm0N8uM5GxL36UgKi9/atZw+x7YFnQ8ckwFGKrl4xX4yWtrey3UJm5nP1kUbnYgLopqWNSRhWw=="
  "resolved" "https://registry.npmjs.org/sax/-/sax-1.2.4.tgz"
  "version" "1.2.4"

"setimmediate@^1.0.5":
  "integrity" "sha1-KQy7Iy4waULX1+qbg3Mqt4VvgoU="
  "resolved" "https://registry.npmjs.org/setimmediate/-/setimmediate-1.0.5.tgz"
  "version" "1.0.5"

"string_decoder@~0.10.x":
  "integrity" "sha1-YuIDvEF2bGwoyfyEMB2rHFMQ+pQ="
  "resolved" "https://registry.npmjs.org/string_decoder/-/string_decoder-0.10.31.tgz"
  "version" "0.10.31"

"string_decoder@~1.1.1":
  "integrity" "sha512-n/ShnvDi6FHbbVfviro+WojiFzv+s8MPMHBczVePfUpDJLwoLT0ht1l4YwBCbi8pJAveEEdnkHyPyTP/mzRfwg=="
  "resolved" "https://registry.npmjs.org/string_decoder/-/string_decoder-1.1.1.tgz"
  "version" "1.1.1"
  dependencies:
    "safe-buffer" "~5.1.0"

"string-to-stream@^1.0.1":
  "integrity" "sha512-QySF2+3Rwq0SdO3s7BAp4x+c3qsClpPQ6abAmb0DGViiSBAkT5kL6JT2iyzEVP+T1SmzHrQD1TwlP9QAHCc+Sw=="
  "resolved" "https://registry.npmjs.org/string-to-stream/-/string-to-stream-1.1.1.tgz"
  "version" "1.1.1"
  dependencies:
    "inherits" "^2.0.1"
    "readable-stream" "^2.1.0"

"tr46@^0.0.3", "tr46@~0.0.3":
  "integrity" "sha1-gYT9NH2snNwYWZLzpmIuFLnZq2o="
  "resolved" "https://registry.npmjs.org/tr46/-/tr46-0.0.3.tgz"
  "version" "0.0.3"

"ts-mixer@^6.0.1":
  "integrity" "sha512-hvE+ZYXuINrx6Ei6D6hz+PTim0Uf++dYbK9FFifLNwQj+RwKquhQpn868yZsCtJYiclZF1u8l6WZxxKi+vv7Rg=="
  "resolved" "https://registry.npmjs.org/ts-mixer/-/ts-mixer-6.0.1.tgz"
  "version" "6.0.1"

"tslib@^2.2.0", "tslib@^2.3.1":
  "integrity" "sha512-77EbyPPpMz+FRFRuAFlWMtmgUWGe9UOG2Z25NqCwiIjRhOf5iKGuzSe5P2w1laq+FkRy4p+PCuVkJSGkzTEKVw=="
  "resolved" "https://registry.npmjs.org/tslib/-/tslib-2.3.1.tgz"
  "version" "2.3.1"

"tweetnacl@^1.0.0", "tweetnacl@^1.0.3":
  "integrity" "sha512-6rt+RN7aOi1nGMyC4Xa5DdYiukl2UWCbcJft7YhxReBGQD7OAM8Pbxw6YMo4r2diNEA8FEmu32YOn9rhaiE5yw=="
  "resolved" "https://registry.npmjs.org/tweetnacl/-/tweetnacl-1.0.3.tgz"
  "version" "1.0.3"

"util-deprecate@~1.0.1":
  "integrity" "sha1-RQ1Nyfpw3nMnYvvS1KKJgUGaDM8="
  "resolved" "https://registry.npmjs.org/util-deprecate/-/util-deprecate-1.0.2.tgz"
  "version" "1.0.2"

"varint@^6.0.0":
  "integrity" "sha512-cXEIW6cfr15lFv563k4GuVuW/fiwjknytD37jIOLSdSWuOI6WnO/oKwmP2FQTU2l01LP8/M5TSAJpzUaGe3uWg=="
  "resolved" "https://registry.npmjs.org/varint/-/varint-6.0.0.tgz"
  "version" "6.0.0"

"webidl-conversions@^3.0.0", "webidl-conversions@^3.0.1":
  "integrity" "sha1-JFNCdeKnvGvnvIZhHMFq4KVlSHE="
  "resolved" "https://registry.npmjs.org/webidl-conversions/-/webidl-conversions-3.0.1.tgz"
  "version" "3.0.1"

"whatwg-url@^5.0.0":
  "integrity" "sha1-lmRU6HZUYuN2RNNib2dCzotwll0="
  "resolved" "https://registry.npmjs.org/whatwg-url/-/whatwg-url-5.0.0.tgz"
  "version" "5.0.0"
  dependencies:
    "tr46" "~0.0.3"
    "webidl-conversions" "^3.0.0"

"wrappy@1":
  "integrity" "sha1-tSQ9jz7BqjXxNkYFvA0QNuMKtp8="
  "resolved" "https://registry.npmjs.org/wrappy/-/wrappy-1.0.2.tgz"
  "version" "1.0.2"

"ws@^6.0.0", "ws@^6.2.2":
  "integrity" "sha512-zmhltoSR8u1cnDsD43TX59mzoMZsLKqUweyYBAIvTngR3shc0W6aOZylZmq/7hqyVxPdi+5Ud2QInblgyE72fw=="
  "resolved" "https://registry.npmjs.org/ws/-/ws-6.2.2.tgz"
  "version" "6.2.2"
  dependencies:
    "async-limiter" "~1.0.0"

"xmlbuilder@8.2.x":
  "integrity" "sha1-aSSGc0ELS6QuGmE2VR0pIjNap3M="
  "resolved" "https://registry.npmjs.org/xmlbuilder/-/xmlbuilder-8.2.2.tgz"
  "version" "8.2.2"

"xmlrpc@^1.3.1":
  "integrity" "sha1-JrLqNHhI0Ciqx+dRS1NRl23j6D0="
  "resolved" "https://registry.npmjs.org/xmlrpc/-/xmlrpc-1.3.2.tgz"
  "version" "1.3.2"
  dependencies:
    "sax" "1.2.x"
    "xmlbuilder" "8.2.x"

"zod@^3.14.2":
  "integrity" "sha512-iF+wrtzz7fQfkmn60PG6XFxaWBhYYKzp2i+nv24WbLUWb2JjymdkHlzBwP0erpc78WotwP5g9AAu7Sk8GWVVNw=="
  "resolved" "https://registry.npmjs.org/zod/-/zod-3.14.2.tgz"
  "version" "3.14.2"
